{
  "requires": true,
  "lockfileVersion": 1,
  "dependencies": {
    "sortablejs": {
      "version": "1.9.0",
      "resolved": "https://registry.npmjs.org/sortablejs/-/sortablejs-1.9.0.tgz",
      "integrity": "sha512-Ot6bYJ6PoqPmpsqQYXjn1+RKrY2NWQvQt/o4jfd/UYwVWndyO5EPO8YHbnm5HIykf8ENsm4JUrdAvolPT86yYA=="
    },
    "vuedraggable": {
      "version": "2.23.0",
      "resolved": "https://registry.npmjs.org/vuedraggable/-/vuedraggable-2.23.0.tgz",
      "integrity": "sha512-RgdH16k43WNoxyRcv/OarB/DZh9SY5TYthk9TS4YiHXpelD1DytEG0phLAXiXx5EhsmdH8ltSWxklGa4g1WTCw==",
      "requires": {
        "sortablejs": "^1.9.0"
      }
    }
  }
}
